// !$*UTF8*$!
{
	archiveVersion = 1;
	classes = {
	};
	objectVersion = 46;
	objects = {

/* Begin PBXBuildFile section */
		57C255FF1DC66B9000C6B064 /* SecondStateController.swift in Sources */ = {isa = PBXBuildFile; fileRef = 57C255FE1DC66B9000C6B064 /* SecondStateController.swift */; };
		57C256011DC677C700C6B064 /* ThirdStateController.swift in Sources */ = {isa = PBXBuildFile; fileRef = 57C256001DC677C700C6B064 /* ThirdStateController.swift */; };
		57EE74371DBDACEF00B2A176 /* AppDelegate.swift in Sources */ = {isa = PBXBuildFile; fileRef = 57EE74361DBDACEF00B2A176 /* AppDelegate.swift */; };
		57EE74391DBDACEF00B2A176 /* FirstStateController.swift in Sources */ = {isa = PBXBuildFile; fileRef = 57EE74381DBDACEF00B2A176 /* FirstStateController.swift */; };
		57EE743C1DBDACEF00B2A176 /* Main.storyboard in Resources */ = {isa = PBXBuildFile; fileRef = 57EE743A1DBDACEF00B2A176 /* Main.storyboard */; };
		57EE743E1DBDACEF00B2A176 /* Assets.xcassets in Resources */ = {isa = PBXBuildFile; fileRef = 57EE743D1DBDACEF00B2A176 /* Assets.xcassets */; };
		57EE74411DBDACEF00B2A176 /* LaunchScreen.storyboard in Resources */ = {isa = PBXBuildFile; fileRef = 57EE743F1DBDACEF00B2A176 /* LaunchScreen.storyboard */; };
		57EE744C1DBDACEF00B2A176 /* VoiceOptimizerTests.swift in Sources */ = {isa = PBXBuildFile; fileRef = 57EE744B1DBDACEF00B2A176 /* VoiceOptimizerTests.swift */; };
		57EE74571DBDACEF00B2A176 /* VoiceOptimizerUITests.swift in Sources */ = {isa = PBXBuildFile; fileRef = 57EE74561DBDACEF00B2A176 /* VoiceOptimizerUITests.swift */; };
/* End PBXBuildFile section */

/* Begin PBXContainerItemProxy section */
		57EE74481DBDACEF00B2A176 /* PBXContainerItemProxy */ = {
			isa = PBXContainerItemProxy;
			containerPortal = 57EE742B1DBDACEF00B2A176 /* Project object */;
			proxyType = 1;
			remoteGlobalIDString = 57EE74321DBDACEF00B2A176;
			remoteInfo = VoiceOptimizer;
		};
		57EE74531DBDACEF00B2A176 /* PBXContainerItemProxy */ = {
			isa = PBXContainerItemProxy;
			containerPortal = 57EE742B1DBDACEF00B2A176 /* Project object */;
			proxyType = 1;
			remoteGlobalIDString = 57EE74321DBDACEF00B2A176;
			remoteInfo = VoiceOptimizer;
		};
/* End PBXContainerItemProxy section */

/* Begin PBXFileReference section */
		57C255FE1DC66B9000C6B064 /* SecondStateController.swift */ = {isa = PBXFileReference; fileEncoding = 4; lastKnownFileType = sourcecode.swift; path = SecondStateController.swift; sourceTree = "<group>"; };
		57C256001DC677C700C6B064 /* ThirdStateController.swift */ = {isa = PBXFileReference; fileEncoding = 4; lastKnownFileType = sourcecode.swift; path = ThirdStateController.swift; sourceTree = "<group>"; };
		57EE74331DBDACEF00B2A176 /* VoiceOptimizer.app */ = {isa = PBXFileReference; explicitFileType = wrapper.application; includeInIndex = 0; path = VoiceOptimizer.app; sourceTree = BUILT_PRODUCTS_DIR; };
		57EE74361DBDACEF00B2A176 /* AppDelegate.swift */ = {isa = PBXFileReference; lastKnownFileType = sourcecode.swift; path = AppDelegate.swift; sourceTree = "<group>"; };
		57EE74381DBDACEF00B2A176 /* FirstStateController.swift */ = {isa = PBXFileReference; lastKnownFileType = sourcecode.swift; path = FirstStateController.swift; sourceTree = "<group>"; };
		57EE743B1DBDACEF00B2A176 /* Base */ = {isa = PBXFileReference; lastKnownFileType = file.storyboard; name = Base; path = Base.lproj/Main.storyboard; sourceTree = "<group>"; };
		57EE743D1DBDACEF00B2A176 /* Assets.xcassets */ = {isa = PBXFileReference; lastKnownFileType = folder.assetcatalog; path = Assets.xcassets; sourceTree = "<group>"; };
		57EE74401DBDACEF00B2A176 /* Base */ = {isa = PBXFileReference; lastKnownFileType = file.storyboard; name = Base; path = Base.lproj/LaunchScreen.storyboard; sourceTree = "<group>"; };
		57EE74421DBDACEF00B2A176 /* Info.plist */ = {isa = PBXFileReference; lastKnownFileType = text.plist.xml; path = Info.plist; sourceTree = "<group>"; };
		57EE74471DBDACEF00B2A176 /* VoiceOptimizerTests.xctest */ = {isa = PBXFileReference; explicitFileType = wrapper.cfbundle; includeInIndex = 0; path = VoiceOptimizerTests.xctest; sourceTree = BUILT_PRODUCTS_DIR; };
		57EE744B1DBDACEF00B2A176 /* VoiceOptimizerTests.swift */ = {isa = PBXFileReference; lastKnownFileType = sourcecode.swift; path = VoiceOptimizerTests.swift; sourceTree = "<group>"; };
		57EE744D1DBDACEF00B2A176 /* Info.plist */ = {isa = PBXFileReference; lastKnownFileType = text.plist.xml; path = Info.plist; sourceTree = "<group>"; };
		57EE74521DBDACEF00B2A176 /* VoiceOptimizerUITests.xctest */ = {isa = PBXFileReference; explicitFileType = wrapper.cfbundle; includeInIndex = 0; path = VoiceOptimizerUITests.xctest; sourceTree = BUILT_PRODUCTS_DIR; };
		57EE74561DBDACEF00B2A176 /* VoiceOptimizerUITests.swift */ = {isa = PBXFileReference; lastKnownFileType = sourcecode.swift; path = VoiceOptimizerUITests.swift; sourceTree = "<group>"; };
		57EE74581DBDACEF00B2A176 /* Info.plist */ = {isa = PBXFileReference; lastKnownFileType = text.plist.xml; path = Info.plist; sourceTree = "<group>"; };
/* End PBXFileReference section */

/* Begin PBXFrameworksBuildPhase section */
		57EE74301DBDACEF00B2A176 /* Frameworks */ = {
			isa = PBXFrameworksBuildPhase;
			buildActionMask = 2147483647;
			files = (
			);
			runOnlyForDeploymentPostprocessing = 0;
		};
		57EE74441DBDACEF00B2A176 /* Frameworks */ = {
			isa = PBXFrameworksBuildPhase;
			buildActionMask = 2147483647;
			files = (
			);
			runOnlyForDeploymentPostprocessing = 0;
		};
		57EE744F1DBDACEF00B2A176 /* Frameworks */ = {
			isa = PBXFrameworksBuildPhase;
			buildActionMask = 2147483647;
			files = (
			);
			runOnlyForDeploymentPostprocessing = 0;
		};
/* End PBXFrameworksBuildPhase section */

/* Begin PBXGroup section */
		57EE742A1DBDACEF00B2A176 = {
			isa = PBXGroup;
			children = (
				57EE74351DBDACEF00B2A176 /* VoiceOptimizer */,
				57EE744A1DBDACEF00B2A176 /* VoiceOptimizerTests */,
				57EE74551DBDACEF00B2A176 /* VoiceOptimizerUITests */,
				57EE74341DBDACEF00B2A176 /* Products */,
			);
			sourceTree = "<group>";
		};
		57EE74341DBDACEF00B2A176 /* Products */ = {
			isa = PBXGroup;
			children = (
				57EE74331DBDACEF00B2A176 /* VoiceOptimizer.app */,
				57EE74471DBDACEF00B2A176 /* VoiceOptimizerTests.xctest */,
				57EE74521DBDACEF00B2A176 /* VoiceOptimizerUITests.xctest */,
			);
			name = Products;
			sourceTree = "<group>";
		};
		57EE74351DBDACEF00B2A176 /* VoiceOptimizer */ = {
			isa = PBXGroup;
			children = (
				57EE74361DBDACEF00B2A176 /* AppDelegate.swift */,
				57EE74381DBDACEF00B2A176 /* FirstStateController.swift */,
				57C255FE1DC66B9000C6B064 /* SecondStateController.swift */,
				57C256001DC677C700C6B064 /* ThirdStateController.swift */,
				57EE743A1DBDACEF00B2A176 /* Main.storyboard */,
				57EE743D1DBDACEF00B2A176 /* Assets.xcassets */,
				57EE743F1DBDACEF00B2A176 /* LaunchScreen.storyboard */,
				57EE74421DBDACEF00B2A176 /* Info.plist */,
			);
			path = VoiceOptimizer;
			sourceTree = "<group>";
		};
		57EE744A1DBDACEF00B2A176 /* VoiceOptimizerTests */ = {
			isa = PBXGroup;
			children = (
				57EE744B1DBDACEF00B2A176 /* VoiceOptimizerTests.swift */,
				57EE744D1DBDACEF00B2A176 /* Info.plist */,
			);
			path = VoiceOptimizerTests;
			sourceTree = "<group>";
		};
		57EE74551DBDACEF00B2A176 /* VoiceOptimizerUITests */ = {
			isa = PBXGroup;
			children = (
				57EE74561DBDACEF00B2A176 /* VoiceOptimizerUITests.swift */,
				57EE74581DBDACEF00B2A176 /* Info.plist */,
			);
			path = VoiceOptimizerUITests;
			sourceTree = "<group>";
		};
/* End PBXGroup section */

/* Begin PBXNativeTarget section */
		57EE74321DBDACEF00B2A176 /* VoiceOptimizer */ = {
			isa = PBXNativeTarget;
			buildConfigurationList = 57EE745B1DBDACEF00B2A176 /* Build configuration list for PBXNativeTarget "VoiceOptimizer" */;
			buildPhases = (
				57EE742F1DBDACEF00B2A176 /* Sources */,
				57EE74301DBDACEF00B2A176 /* Frameworks */,
				57EE74311DBDACEF00B2A176 /* Resources */,
			);
			buildRules = (
			);
			dependencies = (
			);
			name = VoiceOptimizer;
			productName = VoiceOptimizer;
			productReference = 57EE74331DBDACEF00B2A176 /* VoiceOptimizer.app */;
			productType = "com.apple.product-type.application";
		};
		57EE74461DBDACEF00B2A176 /* VoiceOptimizerTests */ = {
			isa = PBXNativeTarget;
			buildConfigurationList = 57EE745E1DBDACEF00B2A176 /* Build configuration list for PBXNativeTarget "VoiceOptimizerTests" */;
			buildPhases = (
				57EE74431DBDACEF00B2A176 /* Sources */,
				57EE74441DBDACEF00B2A176 /* Frameworks */,
				57EE74451DBDACEF00B2A176 /* Resources */,
			);
			buildRules = (
			);
			dependencies = (
				57EE74491DBDACEF00B2A176 /* PBXTargetDependency */,
			);
			name = VoiceOptimizerTests;
			productName = VoiceOptimizerTests;
			productReference = 57EE74471DBDACEF00B2A176 /* VoiceOptimizerTests.xctest */;
			productType = "com.apple.product-type.bundle.unit-test";
		};
		57EE74511DBDACEF00B2A176 /* VoiceOptimizerUITests */ = {
			isa = PBXNativeTarget;
			buildConfigurationList = 57EE74611DBDACEF00B2A176 /* Build configuration list for PBXNativeTarget "VoiceOptimizerUITests" */;
			buildPhases = (
				57EE744E1DBDACEF00B2A176 /* Sources */,
				57EE744F1DBDACEF00B2A176 /* Frameworks */,
				57EE74501DBDACEF00B2A176 /* Resources */,
			);
			buildRules = (
			);
			dependencies = (
				57EE74541DBDACEF00B2A176 /* PBXTargetDependency */,
			);
			name = VoiceOptimizerUITests;
			productName = VoiceOptimizerUITests;
			productReference = 57EE74521DBDACEF00B2A176 /* VoiceOptimizerUITests.xctest */;
			productType = "com.apple.product-type.bundle.ui-testing";
		};
/* End PBXNativeTarget section */

/* Begin PBXProject section */
		57EE742B1DBDACEF00B2A176 /* Project object */ = {
			isa = PBXProject;
			attributes = {
				LastSwiftUpdateCheck = 0730;
				LastUpgradeCheck = 0810;
				ORGANIZATIONNAME = "Shuoyang Cui";
				TargetAttributes = {
					57EE74321DBDACEF00B2A176 = {
						CreatedOnToolsVersion = 7.3.1;
						DevelopmentTeam = HU3FR93XFJ;
						LastSwiftMigration = 0810;
						ProvisioningStyle = Automatic;
					};
					57EE74461DBDACEF00B2A176 = {
						CreatedOnToolsVersion = 7.3.1;
						DevelopmentTeam = HU3FR93XFJ;
						LastSwiftMigration = 0810;
						ProvisioningStyle = Manual;
						TestTargetID = 57EE74321DBDACEF00B2A176;
					};
					57EE74511DBDACEF00B2A176 = {
						CreatedOnToolsVersion = 7.3.1;
						LastSwiftMigration = 0810;
						ProvisioningStyle = Manual;
						TestTargetID = 57EE74321DBDACEF00B2A176;
					};
				};
			};
			buildConfigurationList = 57EE742E1DBDACEF00B2A176 /* Build configuration list for PBXProject "VoiceOptimizer" */;
			compatibilityVersion = "Xcode 3.2";
			developmentRegion = English;
			hasScannedForEncodings = 0;
			knownRegions = (
				en,
				Base,
			);
			mainGroup = 57EE742A1DBDACEF00B2A176;
			productRefGroup = 57EE74341DBDACEF00B2A176 /* Products */;
			projectDirPath = "";
			projectRoot = "";
			targets = (
				57EE74321DBDACEF00B2A176 /* VoiceOptimizer */,
				57EE74461DBDACEF00B2A176 /* VoiceOptimizerTests */,
				57EE74511DBDACEF00B2A176 /* VoiceOptimizerUITests */,
			);
		};
/* End PBXProject section */

/* Begin PBXResourcesBuildPhase section */
		57EE74311DBDACEF00B2A176 /* Resources */ = {
			isa = PBXResourcesBuildPhase;
			buildActionMask = 2147483647;
			files = (
				57EE74411DBDACEF00B2A176 /* LaunchScreen.storyboard in Resources */,
				57EE743E1DBDACEF00B2A176 /* Assets.xcassets in Resources */,
				57EE743C1DBDACEF00B2A176 /* Main.storyboard in Resources */,
			);
			runOnlyForDeploymentPostprocessing = 0;
		};
		57EE74451DBDACEF00B2A176 /* Resources */ = {
			isa = PBXResourcesBuildPhase;
			buildActionMask = 2147483647;
			files = (
			);
			runOnlyForDeploymentPostprocessing = 0;
		};
		57EE74501DBDACEF00B2A176 /* Resources */ = {
			isa = PBXResourcesBuildPhase;
			buildActionMask = 2147483647;
			files = (
			);
			runOnlyForDeploymentPostprocessing = 0;
		};
/* End PBXResourcesBuildPhase section */

/* Begin PBXSourcesBuildPhase section */
		57EE742F1DBDACEF00B2A176 /* Sources */ = {
			isa = PBXSourcesBuildPhase;
			buildActionMask = 2147483647;
			files = (
				57EE74391DBDACEF00B2A176 /* FirstStateController.swift in Sources */,
				57C256011DC677C700C6B064 /* ThirdStateController.swift in Sources */,
				57C255FF1DC66B9000C6B064 /* SecondStateController.swift in Sources */,
				57EE74371DBDACEF00B2A176 /* AppDelegate.swift in Sources */,
			);
			runOnlyForDeploymentPostprocessing = 0;
		};
		57EE74431DBDACEF00B2A176 /* Sources */ = {
			isa = PBXSourcesBuildPhase;
			buildActionMask = 2147483647;
			files = (
				57EE744C1DBDACEF00B2A176 /* VoiceOptimizerTests.swift in Sources */,
			);
			runOnlyForDeploymentPostprocessing = 0;
		};
		57EE744E1DBDACEF00B2A176 /* Sources */ = {
			isa = PBXSourcesBuildPhase;
			buildActionMask = 2147483647;
			files = (
				57EE74571DBDACEF00B2A176 /* VoiceOptimizerUITests.swift in Sources */,
			);
			runOnlyForDeploymentPostprocessing = 0;
		};
/* End PBXSourcesBuildPhase section */

/* Begin PBXTargetDependency section */
		57EE74491DBDACEF00B2A176 /* PBXTargetDependency */ = {
			isa = PBXTargetDependency;
			target = 57EE74321DBDACEF00B2A176 /* VoiceOptimizer */;
			targetProxy = 57EE74481DBDACEF00B2A176 /* PBXContainerItemProxy */;
		};
		57EE74541DBDACEF00B2A176 /* PBXTargetDependency */ = {
			isa = PBXTargetDependency;
			target = 57EE74321DBDACEF00B2A176 /* VoiceOptimizer */;
			targetProxy = 57EE74531DBDACEF00B2A176 /* PBXContainerItemProxy */;
		};
/* End PBXTargetDependency section */

/* Begin PBXVariantGroup section */
		57EE743A1DBDACEF00B2A176 /* Main.storyboard */ = {
			isa = PBXVariantGroup;
			children = (
				57EE743B1DBDACEF00B2A176 /* Base */,
			);
			name = Main.storyboard;
			sourceTree = "<group>";
		};
		57EE743F1DBDACEF00B2A176 /* LaunchScreen.storyboard */ = {
			isa = PBXVariantGroup;
			children = (
				57EE74401DBDACEF00B2A176 /* Base */,
			);
			name = LaunchScreen.storyboard;
			sourceTree = "<group>";
		};
/* End PBXVariantGroup section */

/* Begin XCBuildConfiguration section */
		57EE74591DBDACEF00B2A176 /* Debug */ = {
			isa = XCBuildConfiguration;
			buildSettings = {
				ALWAYS_SEARCH_USER_PATHS = NO;
				CLANG_ANALYZER_NONNULL = YES;
				CLANG_CXX_LANGUAGE_STANDARD = "gnu++0x";
				CLANG_CXX_LIBRARY = "libc++";
				CLANG_ENABLE_MODULES = YES;
				CLANG_ENABLE_OBJC_ARC = YES;
				CLANG_WARN_BOOL_CONVERSION = YES;
				CLANG_WARN_CONSTANT_CONVERSION = YES;
				CLANG_WARN_DIRECT_OBJC_ISA_USAGE = YES_ERROR;
				CLANG_WARN_EMPTY_BODY = YES;
				CLANG_WARN_ENUM_CONVERSION = YES;
				CLANG_WARN_INFINITE_RECURSION = YES;
				CLANG_WARN_INT_CONVERSION = YES;
				CLANG_WARN_OBJC_ROOT_CLASS = YES_ERROR;
				CLANG_WARN_SUSPICIOUS_MOVE = YES;
				CLANG_WARN_UNREACHABLE_CODE = YES;
				CLANG_WARN__DUPLICATE_METHOD_MATCH = YES;
				"CODE_SIGN_IDENTITY[sdk=iphoneos*]" = "iPhone Developer";
				COPY_PHASE_STRIP = NO;
				DEBUG_INFORMATION_FORMAT = dwarf;
				ENABLE_STRICT_OBJC_MSGSEND = YES;
				ENABLE_TESTABILITY = YES;
				GCC_C_LANGUAGE_STANDARD = gnu99;
				GCC_DYNAMIC_NO_PIC = NO;
				GCC_NO_COMMON_BLOCKS = YES;
				GCC_OPTIMIZATION_LEVEL = 0;
				GCC_PREPROCESSOR_DEFINITIONS = (
					"DEBUG=1",
					"$(inherited)",
				);
				GCC_WARN_64_TO_32_BIT_CONVERSION = YES;
				GCC_WARN_ABOUT_RETURN_TYPE = YES_ERROR;
				GCC_WARN_UNDECLARED_SELECTOR = YES;
				GCC_WARN_UNINITIALIZED_AUTOS = YES_AGGRESSIVE;
				GCC_WARN_UNUSED_FUNCTION = YES;
				GCC_WARN_UNUSED_VARIABLE = YES;
				IPHONEOS_DEPLOYMENT_TARGET = 9.3;
				MTL_ENABLE_DEBUG_INFO = YES;
				ONLY_ACTIVE_ARCH = YES;
				SDKROOT = iphoneos;
				SWIFT_OPTIMIZATION_LEVEL = "-Onone";
				TARGETED_DEVICE_FAMILY = "1,2";
			};
			name = Debug;
		};
		57EE745A1DBDACEF00B2A176 /* Release */ = {
			isa = XCBuildConfiguration;
			buildSettings = {
				ALWAYS_SEARCH_USER_PATHS = NO;
				CLANG_ANALYZER_NONNULL = YES;
				CLANG_CXX_LANGUAGE_STANDARD = "gnu++0x";
				CLANG_CXX_LIBRARY = "libc++";
				CLANG_ENABLE_MODULES = YES;
				CLANG_ENABLE_OBJC_ARC = YES;
				CLANG_WARN_BOOL_CONVERSION = YES;
				CLANG_WARN_CONSTANT_CONVERSION = YES;
				CLANG_WARN_DIRECT_OBJC_ISA_USAGE = YES_ERROR;
				CLANG_WARN_EMPTY_BODY = YES;
				CLANG_WARN_ENUM_CONVERSION = YES;
				CLANG_WARN_INFINITE_RECURSION = YES;
				CLANG_WARN_INT_CONVERSION = YES;
				CLANG_WARN_OBJC_ROOT_CLASS = YES_ERROR;
				CLANG_WARN_SUSPICIOUS_MOVE = YES;
				CLANG_WARN_UNREACHABLE_CODE = YES;
				CLANG_WARN__DUPLICATE_METHOD_MATCH = YES;
				"CODE_SIGN_IDENTITY[sdk=iphoneos*]" = "iPhone Developer";
				COPY_PHASE_STRIP = NO;
				DEBUG_INFORMATION_FORMAT = "dwarf-with-dsym";
				ENABLE_NS_ASSERTIONS = NO;
				ENABLE_STRICT_OBJC_MSGSEND = YES;
				GCC_C_LANGUAGE_STANDARD = gnu99;
				GCC_NO_COMMON_BLOCKS = YES;
				GCC_WARN_64_TO_32_BIT_CONVERSION = YES;
				GCC_WARN_ABOUT_RETURN_TYPE = YES_ERROR;
				GCC_WARN_UNDECLARED_SELECTOR = YES;
				GCC_WARN_UNINITIALIZED_AUTOS = YES_AGGRESSIVE;
				GCC_WARN_UNUSED_FUNCTION = YES;
				GCC_WARN_UNUSED_VARIABLE = YES;
				IPHONEOS_DEPLOYMENT_TARGET = 9.3;
				MTL_ENABLE_DEBUG_INFO = NO;
				SDKROOT = iphoneos;
				SWIFT_OPTIMIZATION_LEVEL = "-Owholemodule";
				TARGETED_DEVICE_FAMILY = "1,2";
				VALIDATE_PRODUCT = YES;
			};
			name = Release;
		};
		57EE745C1DBDACEF00B2A176 /* Debug */ = {
			isa = XCBuildConfiguration;
			buildSettings = {
				ASSETCATALOG_COMPILER_APPICON_NAME = AppIcon;
				"CODE_SIGN_IDENTITY[sdk=iphoneos*]" = "iPhone Developer";
				DEVELOPMENT_TEAM = HU3FR93XFJ;
				INFOPLIST_FILE = VoiceOptimizer/Info.plist;
				LD_RUNPATH_SEARCH_PATHS = "$(inherited) @executable_path/Frameworks";
				PRODUCT_BUNDLE_IDENTIFIER = com.VoiceOptimizer;
				PRODUCT_NAME = "$(TARGET_NAME)";
				SWIFT_VERSION = 3.0;
			};
			name = Debug;
		};
		57EE745D1DBDACEF00B2A176 /* Release */ = {
			isa = XCBuildConfiguration;
			buildSettings = {
				ASSETCATALOG_COMPILER_APPICON_NAME = AppIcon;
				"CODE_SIGN_IDENTITY[sdk=iphoneos*]" = "iPhone Developer";
				DEVELOPMENT_TEAM = HU3FR93XFJ;
				INFOPLIST_FILE = VoiceOptimizer/Info.plist;
				LD_RUNPATH_SEARCH_PATHS = "$(inherited) @executable_path/Frameworks";
				PRODUCT_BUNDLE_IDENTIFIER = com.VoiceOptimizer;
				PRODUCT_NAME = "$(TARGET_NAME)";
				SWIFT_VERSION = 3.0;
			};
			name = Release;
		};
		57EE745F1DBDACEF00B2A176 /* Debug */ = {
			isa = XCBuildConfiguration;
			buildSettings = {
				BUNDLE_LOADER = "$(TEST_HOST)";
				DEVELOPMENT_TEAM = HU3FR93XFJ;
				INFOPLIST_FILE = VoiceOptimizerTests/Info.plist;
				LD_RUNPATH_SEARCH_PATHS = "$(inherited) @executable_path/Frameworks @loader_path/Frameworks";
				PRODUCT_BUNDLE_IDENTIFIER = com.VoiceOptimizerTests;
				PRODUCT_NAME = "$(TARGET_NAME)";
				SWIFT_VERSION = 3.0;
				TEST_HOST = "$(BUILT_PRODUCTS_DIR)/VoiceOptimizer.app/VoiceOptimizer";
			};
			name = Debug;
		};
		57EE74601DBDACEF00B2A176 /* Release */ = {
			isa = XCBuildConfiguration;
			buildSettings = {
				BUNDLE_LOADER = "$(TEST_HOST)";
				DEVELOPMENT_TEAM = HU3FR93XFJ;
				INFOPLIST_FILE = VoiceOptimizerTests/Info.plist;
				LD_RUNPATH_SEARCH_PATHS = "$(inherited) @executable_path/Frameworks @loader_path/Frameworks";
				PRODUCT_BUNDLE_IDENTIFIER = com.VoiceOptimizerTests;
				PRODUCT_NAME = "$(TARGET_NAME)";
				SWIFT_VERSION = 3.0;
				TEST_HOST = "$(BUILT_PRODUCTS_DIR)/VoiceOptimizer.app/VoiceOptimizer";
			};
			name = Release;
		};
		57EE74621DBDACEF00B2A176 /* Debug */ = {
			isa = XCBuildConfiguration;
			buildSettings = {
				DEVELOPMENT_TEAM = "";
				INFOPLIST_FILE = VoiceOptimizerUITests/Info.plist;
				LD_RUNPATH_SEARCH_PATHS = "$(inherited) @executable_path/Frameworks @loader_path/Frameworks";
				PRODUCT_BUNDLE_IDENTIFIER = com.VoiceOptimizerUITests;
				PRODUCT_NAME = "$(TARGET_NAME)";
				SWIFT_VERSION = 3.0;
				TEST_TARGET_NAME = VoiceOptimizer;
			};
			name = Debug;
		};
		57EE74631DBDACEF00B2A176 /* Release */ = {
			isa = XCBuildConfiguration;
			buildSettings = {
				DEVELOPMENT_TEAM = "";
				INFOPLIST_FILE = VoiceOptimizerUITests/Info.plist;
				LD_RUNPATH_SEARCH_PATHS = "$(inherited) @executable_path/Frameworks @loader_path/Frameworks";
				PRODUCT_BUNDLE_IDENTIFIER = com.VoiceOptimizerUITests;
				PRODUCT_NAME = "$(TARGET_NAME)";
				SWIFT_VERSION = 3.0;
				TEST_TARGET_NAME = VoiceOptimizer;
			};
			name = Release;
		};
/* End XCBuildConfiguration section */

/* Begin XCConfigurationList section */
		57EE742E1DBDACEF00B2A176 /* Build configuration list for PBXProject "VoiceOptimizer" */ = {
			isa = XCConfigurationList;
			buildConfigurations = (
				57EE74591DBDACEF00B2A176 /* Debug */,
				57EE745A1DBDACEF00B2A176 /* Release */,
			);
			defaultConfigurationIsVisible = 0;
			defaultConfigurationName = Release;
		};
		57EE745B1DBDACEF00B2A176 /* Build configuration list for PBXNativeTarget "VoiceOptimizer" */ = {
			isa = XCConfigurationList;
			buildConfigurations = (
				57EE745C1DBDACEF00B2A176 /* Debug */,
				57EE745D1DBDACEF00B2A176 /* Release */,
			);
			defaultConfigurationIsVisible = 0;
			defaultConfigurationName = Release;
		};
		57EE745E1DBDACEF00B2A176 /* Build configuration list for PBXNativeTarget "VoiceOptimizerTests" */ = {
			isa = XCConfigurationList;
			buildConfigurations = (
				57EE745F1DBDACEF00B2A176 /* Debug */,
				57EE74601DBDACEF00B2A176 /* Release */,
			);
			defaultConfigurationIsVisible = 0;
			defaultConfigurationName = Release;
		};
		57EE74611DBDACEF00B2A176 /* Build configuration list for PBXNativeTarget "VoiceOptimizerUITests" */ = {
			isa = XCConfigurationList;
			buildConfigurations = (
				57EE74621DBDACEF00B2A176 /* Debug */,
				57EE74631DBDACEF00B2A176 /* Release */,
			);
			defaultConfigurationIsVisible = 0;
			defaultConfigurationName = Release;
		};
/* End XCConfigurationList section */
	};
	rootObject = 57EE742B1DBDACEF00B2A176 /* Project object */;
}
